
Microsoft Visual Studio Solution File, Format Version 12.00
# Visual Studio Version 17
VisualStudioVersion = 17.6.33723.286
MinimumVisualStudioVersion = 10.0.40219.1
Project("{FAE04EC0-301F-11D3-BF4B-00C04F79EFBC}") = "Func and Action", "Func and Action\Func and Action.csproj", "{4C418F38-B467-4255-A7C4-41FD8E70089B}"
EndProject
Global
	GlobalSection(SolutionConfigurationPlatforms) = preSolution
		Debug|Any CPU = Debug|Any CPU
		Release|Any CPU = Release|Any CPU
	EndGlobalSection
	GlobalSection(ProjectConfigurationPlatforms) = postSolution
		{4C418F38-B467-4255-A7C4-41FD8E70089B}.Debug|Any CPU.ActiveCfg = Debug|Any CPU
		{4C418F38-B467-4255-A7C4-41FD8E70089B}.Debug|Any CPU.Build.0 = Debug|Any CPU
		{4C418F38-B467-4255-A7C4-41FD8E70089B}.Release|Any CPU.ActiveCfg = Release|Any CPU
		{4C418F38-B467-4255-A7C4-41FD8E70089B}.Release|Any CPU.Build.0 = Release|Any CPU
	EndGlobalSection
	GlobalSection(SolutionProperties) = preSolution
		HideSolutionNode = FALSE
	EndGlobalSection
	GlobalSection(ExtensibilityGlobals) = postSolution
		SolutionGuid = {43DC1F76-6E54-4542-909F-6C868F76A57E}
	EndGlobalSection
EndGlobal
